
Microsoft Visual Studio Solution File, Format Version 12.00
# Visual Studio Version 16
VisualStudioVersion = 16.0.31624.102
MinimumVisualStudioVersion = 10.0.40219.1
Project("{FAE04EC0-301F-11D3-BF4B-00C04F79EFBC}") = "4gewinnt", "4gewinnt\4gewinnt.csproj", "{F570FDF6-E8C3-4F77-A67F-6BDCE2CAEBCC}"
EndProject
Global
	GlobalSection(SolutionConfigurationPlatforms) = preSolution
		Debug|Any CPU = Debug|Any CPU
		Release|Any CPU = Release|Any CPU
	EndGlobalSection
	GlobalSection(ProjectConfigurationPlatforms) = postSolution
		{F570FDF6-E8C3-4F77-A67F-6BDCE2CAEBCC}.Debug|Any CPU.ActiveCfg = Debug|Any CPU
		{F570FDF6-E8C3-4F77-A67F-6BDCE2CAEBCC}.Debug|Any CPU.Build.0 = Debug|Any CPU
		{F570FDF6-E8C3-4F77-A67F-6BDCE2CAEBCC}.Release|Any CPU.ActiveCfg = Release|Any CPU
		{F570FDF6-E8C3-4F77-A67F-6BDCE2CAEBCC}.Release|Any CPU.Build.0 = Release|Any CPU
	EndGlobalSection
	GlobalSection(SolutionProperties) = preSolution
		HideSolutionNode = FALSE
	EndGlobalSection
	GlobalSection(ExtensibilityGlobals) = postSolution
		SolutionGuid = {2E398DF3-65FC-47E7-BAC9-3AC23081592C}
	EndGlobalSection
EndGlobal
